
Microsoft Visual Studio Solution File, Format Version 12.00
# Visual Studio Version 17
VisualStudioVersion = 17.3.32825.248
MinimumVisualStudioVersion = 10.0.40219.1
Project("{FAE04EC0-301F-11D3-BF4B-00C04F79EFBC}") = "Final Project (for real)", "Final Project (for real)\Final Project (for real).csproj", "{0FBAB6C6-AB9C-4397-B350-1416520D7DB1}"
EndProject
Global
	GlobalSection(SolutionConfigurationPlatforms) = preSolution
		Debug|Any CPU = Debug|Any CPU
		Release|Any CPU = Release|Any CPU
	EndGlobalSection
	GlobalSection(ProjectConfigurationPlatforms) = postSolution
		{0FBAB6C6-AB9C-4397-B350-1416520D7DB1}.Debug|Any CPU.ActiveCfg = Debug|Any CPU
		{0FBAB6C6-AB9C-4397-B350-1416520D7DB1}.Debug|Any CPU.Build.0 = Debug|Any CPU
		{0FBAB6C6-AB9C-4397-B350-1416520D7DB1}.Release|Any CPU.ActiveCfg = Release|Any CPU
		{0FBAB6C6-AB9C-4397-B350-1416520D7DB1}.Release|Any CPU.Build.0 = Release|Any CPU
	EndGlobalSection
	GlobalSection(SolutionProperties) = preSolution
		HideSolutionNode = FALSE
	EndGlobalSection
	GlobalSection(ExtensibilityGlobals) = postSolution
		SolutionGuid = {E2900259-438D-499A-B525-D2931D6BC406}
	EndGlobalSection
EndGlobal
